
Microsoft Visual Studio Solution File, Format Version 12.00
# Visual Studio 15
VisualStudioVersion = 15.0.27130.2010
MinimumVisualStudioVersion = 10.0.40219.1
Project("{8BC9CEB8-8B4A-11D0-8D11-00A0C91BC942}") = "clockDxe", "edk2\CdeValidationPkg\TIME_H\clockDxe\clockDxe.vcxproj", "{3F362868-6D64-430A-A061-6CEFB4C14718}"
EndProject
Project("{8BC9CEB8-8B4A-11D0-8D11-00A0C91BC942}") = "clockPei", "edk2\CdeValidationPkg\TIME_H\clockPei\clockPei.vcxproj", "{83C64C85-C19F-4778-9E5D-838F4D3D6DA6}"
EndProject
Project("{8BC9CEB8-8B4A-11D0-8D11-00A0C91BC942}") = "isalphaPei", "edk2\CdeValidationPkg\CTYPE_H\isalphaPei\isalphaPei.vcxproj", "{44B47E43-B505-4419-A213-67011DB650F1}"
EndProject
Project("{8BC9CEB8-8B4A-11D0-8D11-00A0C91BC942}") = "isalphaDxe", "edk2\CdeValidationPkg\CTYPE_H\isalphaDxe\isalphaDxe.vcxproj", "{625BD8FC-75C1-4822-B281-3880FEAFAA9B}"
EndProject
Project("{8BC9CEB8-8B4A-11D0-8D11-00A0C91BC942}") = "isalnumDxe", "edk2\CdeValidationPkg\CTYPE_H\isalnumDxe\isalnumDxe.vcxproj", "{28C7C7C0-1EF5-4389-8D10-A6276FD5B240}"
EndProject
Project("{8BC9CEB8-8B4A-11D0-8D11-00A0C91BC942}") = "isalnumPei", "edk2\CdeValidationPkg\CTYPE_H\isalnumPei\isalnumPei.vcxproj", "{C14000CF-7E77-4F51-B91F-1A3BC2A66B8A}"
EndProject
Project("{8BC9CEB8-8B4A-11D0-8D11-00A0C91BC942}") = "iscntrlDxe", "edk2\CdeValidationPkg\CTYPE_H\iscntrlDxe\iscntrlDxe.vcxproj", "{216B789C-AC58-46DB-A46C-AF3443DA475C}"
EndProject
Project("{8BC9CEB8-8B4A-11D0-8D11-00A0C91BC942}") = "isdigitDxe", "edk2\CdeValidationPkg\CTYPE_H\isdigitDxe\isdigitDxe.vcxproj", "{5059ECAF-FE1B-4861-B340-A0862F493379}"
EndProject
Project("{8BC9CEB8-8B4A-11D0-8D11-00A0C91BC942}") = "isgraphDxe", "edk2\CdeValidationPkg\CTYPE_H\isgraphDxe\isgraphDxe.vcxproj", "{5C17EFF3-B798-4741-A30E-92DBA738374C}"
EndProject
Project("{8BC9CEB8-8B4A-11D0-8D11-00A0C91BC942}") = "islowerDxe", "edk2\CdeValidationPkg\CTYPE_H\islowerDxe\islowerDxe.vcxproj", "{6DD6D8B8-F7BB-4FCF-92BA-CAEBD7436181}"
EndProject
Project("{8BC9CEB8-8B4A-11D0-8D11-00A0C91BC942}") = "isprintDxe", "edk2\CdeValidationPkg\CTYPE_H\isprintDxe\isprintDxe.vcxproj", "{77D2D55C-BB9D-4F82-B499-508715505F5B}"
EndProject
Project("{8BC9CEB8-8B4A-11D0-8D11-00A0C91BC942}") = "ispunctDxe", "edk2\CdeValidationPkg\CTYPE_H\ispunctDxe\ispunctDxe.vcxproj", "{4A79C7E3-9827-4302-85D6-FD04427C4BF7}"
EndProject
Project("{8BC9CEB8-8B4A-11D0-8D11-00A0C91BC942}") = "isspaceDxe", "edk2\CdeValidationPkg\CTYPE_H\isspaceDxe\isspaceDxe.vcxproj", "{2C12BE0F-5EEA-4493-AB70-19649E98DE62}"
EndProject
Project("{8BC9CEB8-8B4A-11D0-8D11-00A0C91BC942}") = "isupperDxe", "edk2\CdeValidationPkg\CTYPE_H\isupperDxe\isupperDxe.vcxproj", "{334F59A1-4962-4A0E-BFBB-C3F9A2CE50E8}"
EndProject
Project("{8BC9CEB8-8B4A-11D0-8D11-00A0C91BC942}") = "isxdigitDxe", "edk2\CdeValidationPkg\CTYPE_H\isxdigitDxe\isxdigitDxe.vcxproj", "{684B0CB5-8A3F-4DE2-95B2-EFE3B0160EC2}"
EndProject
Project("{8BC9CEB8-8B4A-11D0-8D11-00A0C91BC942}") = "tolowerDxe", "edk2\CdeValidationPkg\CTYPE_H\tolowerDxe\tolowerDxe.vcxproj", "{90FFC688-A294-4210-81AC-456E17B619A9}"
EndProject
Project("{8BC9CEB8-8B4A-11D0-8D11-00A0C91BC942}") = "toupperDxe", "edk2\CdeValidationPkg\CTYPE_H\toupperDxe\toupperDxe.vcxproj", "{99C81849-2DFE-4F56-9D69-4DB44B6CA0D2}"
EndProject
Global
	GlobalSection(SolutionConfigurationPlatforms) = preSolution
		Debug|x64 = Debug|x64
		Debug|x86 = Debug|x86
		Release|x64 = Release|x64
		Release|x86 = Release|x86
	EndGlobalSection
	GlobalSection(ProjectConfigurationPlatforms) = postSolution
		{3F362868-6D64-430A-A061-6CEFB4C14718}.Debug|x64.ActiveCfg = Debug|x64
		{3F362868-6D64-430A-A061-6CEFB4C14718}.Debug|x64.Build.0 = Debug|x64
		{3F362868-6D64-430A-A061-6CEFB4C14718}.Debug|x86.ActiveCfg = Debug|Win32
		{3F362868-6D64-430A-A061-6CEFB4C14718}.Debug|x86.Build.0 = Debug|Win32
		{3F362868-6D64-430A-A061-6CEFB4C14718}.Release|x64.ActiveCfg = Release|x64
		{3F362868-6D64-430A-A061-6CEFB4C14718}.Release|x64.Build.0 = Release|x64
		{3F362868-6D64-430A-A061-6CEFB4C14718}.Release|x86.ActiveCfg = Release|Win32
		{3F362868-6D64-430A-A061-6CEFB4C14718}.Release|x86.Build.0 = Release|Win32
		{83C64C85-C19F-4778-9E5D-838F4D3D6DA6}.Debug|x64.ActiveCfg = Debug|x64
		{83C64C85-C19F-4778-9E5D-838F4D3D6DA6}.Debug|x64.Build.0 = Debug|x64
		{83C64C85-C19F-4778-9E5D-838F4D3D6DA6}.Debug|x86.ActiveCfg = Debug|Win32
		{83C64C85-C19F-4778-9E5D-838F4D3D6DA6}.Debug|x86.Build.0 = Debug|Win32
		{83C64C85-C19F-4778-9E5D-838F4D3D6DA6}.Release|x64.ActiveCfg = Release|x64
		{83C64C85-C19F-4778-9E5D-838F4D3D6DA6}.Release|x64.Build.0 = Release|x64
		{83C64C85-C19F-4778-9E5D-838F4D3D6DA6}.Release|x86.ActiveCfg = Release|Win32
		{83C64C85-C19F-4778-9E5D-838F4D3D6DA6}.Release|x86.Build.0 = Release|Win32
		{44B47E43-B505-4419-A213-67011DB650F1}.Debug|x64.ActiveCfg = Debug|x64
		{44B47E43-B505-4419-A213-67011DB650F1}.Debug|x64.Build.0 = Debug|x64
		{44B47E43-B505-4419-A213-67011DB650F1}.Debug|x86.ActiveCfg = Debug|Win32
		{44B47E43-B505-4419-A213-67011DB650F1}.Debug|x86.Build.0 = Debug|Win32
		{44B47E43-B505-4419-A213-67011DB650F1}.Release|x64.ActiveCfg = Release|x64
		{44B47E43-B505-4419-A213-67011DB650F1}.Release|x64.Build.0 = Release|x64
		{44B47E43-B505-4419-A213-67011DB650F1}.Release|x86.ActiveCfg = Release|Win32
		{44B47E43-B505-4419-A213-67011DB650F1}.Release|x86.Build.0 = Release|Win32
		{625BD8FC-75C1-4822-B281-3880FEAFAA9B}.Debug|x64.ActiveCfg = Debug|x64
		{625BD8FC-75C1-4822-B281-3880FEAFAA9B}.Debug|x64.Build.0 = Debug|x64
		{625BD8FC-75C1-4822-B281-3880FEAFAA9B}.Debug|x86.ActiveCfg = Debug|Win32
		{625BD8FC-75C1-4822-B281-3880FEAFAA9B}.Debug|x86.Build.0 = Debug|Win32
		{625BD8FC-75C1-4822-B281-3880FEAFAA9B}.Release|x64.ActiveCfg = Release|x64
		{625BD8FC-75C1-4822-B281-3880FEAFAA9B}.Release|x64.Build.0 = Release|x64
		{625BD8FC-75C1-4822-B281-3880FEAFAA9B}.Release|x86.ActiveCfg = Release|Win32
		{625BD8FC-75C1-4822-B281-3880FEAFAA9B}.Release|x86.Build.0 = Release|Win32
		{28C7C7C0-1EF5-4389-8D10-A6276FD5B240}.Debug|x64.ActiveCfg = Debug|x64
		{28C7C7C0-1EF5-4389-8D10-A6276FD5B240}.Debug|x64.Build.0 = Debug|x64
		{28C7C7C0-1EF5-4389-8D10-A6276FD5B240}.Debug|x86.ActiveCfg = Debug|Win32
		{28C7C7C0-1EF5-4389-8D10-A6276FD5B240}.Debug|x86.Build.0 = Debug|Win32
		{28C7C7C0-1EF5-4389-8D10-A6276FD5B240}.Release|x64.ActiveCfg = Release|x64
		{28C7C7C0-1EF5-4389-8D10-A6276FD5B240}.Release|x64.Build.0 = Release|x64
		{28C7C7C0-1EF5-4389-8D10-A6276FD5B240}.Release|x86.ActiveCfg = Release|Win32
		{28C7C7C0-1EF5-4389-8D10-A6276FD5B240}.Release|x86.Build.0 = Release|Win32
		{C14000CF-7E77-4F51-B91F-1A3BC2A66B8A}.Debug|x64.ActiveCfg = Debug|x64
		{C14000CF-7E77-4F51-B91F-1A3BC2A66B8A}.Debug|x64.Build.0 = Debug|x64
		{C14000CF-7E77-4F51-B91F-1A3BC2A66B8A}.Debug|x86.ActiveCfg = Debug|Win32
		{C14000CF-7E77-4F51-B91F-1A3BC2A66B8A}.Debug|x86.Build.0 = Debug|Win32
		{C14000CF-7E77-4F51-B91F-1A3BC2A66B8A}.Release|x64.ActiveCfg = Release|x64
		{C14000CF-7E77-4F51-B91F-1A3BC2A66B8A}.Release|x64.Build.0 = Release|x64
		{C14000CF-7E77-4F51-B91F-1A3BC2A66B8A}.Release|x86.ActiveCfg = Release|Win32
		{C14000CF-7E77-4F51-B91F-1A3BC2A66B8A}.Release|x86.Build.0 = Release|Win32
		{216B789C-AC58-46DB-A46C-AF3443DA475C}.Debug|x64.ActiveCfg = Debug|x64
		{216B789C-AC58-46DB-A46C-AF3443DA475C}.Debug|x64.Build.0 = Debug|x64
		{216B789C-AC58-46DB-A46C-AF3443DA475C}.Debug|x86.ActiveCfg = Debug|Win32
		{216B789C-AC58-46DB-A46C-AF3443DA475C}.Debug|x86.Build.0 = Debug|Win32
		{216B789C-AC58-46DB-A46C-AF3443DA475C}.Release|x64.ActiveCfg = Release|x64
		{216B789C-AC58-46DB-A46C-AF3443DA475C}.Release|x64.Build.0 = Release|x64
		{216B789C-AC58-46DB-A46C-AF3443DA475C}.Release|x86.ActiveCfg = Release|Win32
		{216B789C-AC58-46DB-A46C-AF3443DA475C}.Release|x86.Build.0 = Release|Win32
		{5059ECAF-FE1B-4861-B340-A0862F493379}.Debug|x64.ActiveCfg = Debug|x64
		{5059ECAF-FE1B-4861-B340-A0862F493379}.Debug|x64.Build.0 = Debug|x64
		{5059ECAF-FE1B-4861-B340-A0862F493379}.Debug|x86.ActiveCfg = Debug|Win32
		{5059ECAF-FE1B-4861-B340-A0862F493379}.Debug|x86.Build.0 = Debug|Win32
		{5059ECAF-FE1B-4861-B340-A0862F493379}.Release|x64.ActiveCfg = Release|x64
		{5059ECAF-FE1B-4861-B340-A0862F493379}.Release|x64.Build.0 = Release|x64
		{5059ECAF-FE1B-4861-B340-A0862F493379}.Release|x86.ActiveCfg = Release|Win32
		{5059ECAF-FE1B-4861-B340-A0862F493379}.Release|x86.Build.0 = Release|Win32
		{5C17EFF3-B798-4741-A30E-92DBA738374C}.Debug|x64.ActiveCfg = Debug|x64
		{5C17EFF3-B798-4741-A30E-92DBA738374C}.Debug|x64.Build.0 = Debug|x64
		{5C17EFF3-B798-4741-A30E-92DBA738374C}.Debug|x86.ActiveCfg = Debug|Win32
		{5C17EFF3-B798-4741-A30E-92DBA738374C}.Debug|x86.Build.0 = Debug|Win32
		{5C17EFF3-B798-4741-A30E-92DBA738374C}.Release|x64.ActiveCfg = Release|x64
		{5C17EFF3-B798-4741-A30E-92DBA738374C}.Release|x64.Build.0 = Release|x64
		{5C17EFF3-B798-4741-A30E-92DBA738374C}.Release|x86.ActiveCfg = Release|Win32
		{5C17EFF3-B798-4741-A30E-92DBA738374C}.Release|x86.Build.0 = Release|Win32
		{6DD6D8B8-F7BB-4FCF-92BA-CAEBD7436181}.Debug|x64.ActiveCfg = Debug|x64
		{6DD6D8B8-F7BB-4FCF-92BA-CAEBD7436181}.Debug|x64.Build.0 = Debug|x64
		{6DD6D8B8-F7BB-4FCF-92BA-CAEBD7436181}.Debug|x86.ActiveCfg = Debug|Win32
		{6DD6D8B8-F7BB-4FCF-92BA-CAEBD7436181}.Debug|x86.Build.0 = Debug|Win32
		{6DD6D8B8-F7BB-4FCF-92BA-CAEBD7436181}.Release|x64.ActiveCfg = Release|x64
		{6DD6D8B8-F7BB-4FCF-92BA-CAEBD7436181}.Release|x64.Build.0 = Release|x64
		{6DD6D8B8-F7BB-4FCF-92BA-CAEBD7436181}.Release|x86.ActiveCfg = Release|Win32
		{6DD6D8B8-F7BB-4FCF-92BA-CAEBD7436181}.Release|x86.Build.0 = Release|Win32
		{77D2D55C-BB9D-4F82-B499-508715505F5B}.Debug|x64.ActiveCfg = Debug|x64
		{77D2D55C-BB9D-4F82-B499-508715505F5B}.Debug|x64.Build.0 = Debug|x64
		{77D2D55C-BB9D-4F82-B499-508715505F5B}.Debug|x86.ActiveCfg = Debug|Win32
		{77D2D55C-BB9D-4F82-B499-508715505F5B}.Debug|x86.Build.0 = Debug|Win32
		{77D2D55C-BB9D-4F82-B499-508715505F5B}.Release|x64.ActiveCfg = Release|x64
		{77D2D55C-BB9D-4F82-B499-508715505F5B}.Release|x64.Build.0 = Release|x64
		{77D2D55C-BB9D-4F82-B499-508715505F5B}.Release|x86.ActiveCfg = Release|Win32
		{77D2D55C-BB9D-4F82-B499-508715505F5B}.Release|x86.Build.0 = Release|Win32
		{4A79C7E3-9827-4302-85D6-FD04427C4BF7}.Debug|x64.ActiveCfg = Debug|x64
		{4A79C7E3-9827-4302-85D6-FD04427C4BF7}.Debug|x64.Build.0 = Debug|x64
		{4A79C7E3-9827-4302-85D6-FD04427C4BF7}.Debug|x86.ActiveCfg = Debug|Win32
		{4A79C7E3-9827-4302-85D6-FD04427C4BF7}.Debug|x86.Build.0 = Debug|Win32
		{4A79C7E3-9827-4302-85D6-FD04427C4BF7}.Release|x64.ActiveCfg = Release|x64
		{4A79C7E3-9827-4302-85D6-FD04427C4BF7}.Release|x64.Build.0 = Release|x64
		{4A79C7E3-9827-4302-85D6-FD04427C4BF7}.Release|x86.ActiveCfg = Release|Win32
		{4A79C7E3-9827-4302-85D6-FD04427C4BF7}.Release|x86.Build.0 = Release|Win32
		{2C12BE0F-5EEA-4493-AB70-19649E98DE62}.Debug|x64.ActiveCfg = Debug|x64
		{2C12BE0F-5EEA-4493-AB70-19649E98DE62}.Debug|x64.Build.0 = Debug|x64
		{2C12BE0F-5EEA-4493-AB70-19649E98DE62}.Debug|x86.ActiveCfg = Debug|Win32
		{2C12BE0F-5EEA-4493-AB70-19649E98DE62}.Debug|x86.Build.0 = Debug|Win32
		{2C12BE0F-5EEA-4493-AB70-19649E98DE62}.Release|x64.ActiveCfg = Release|x64
		{2C12BE0F-5EEA-4493-AB70-19649E98DE62}.Release|x64.Build.0 = Release|x64
		{2C12BE0F-5EEA-4493-AB70-19649E98DE62}.Release|x86.ActiveCfg = Release|Win32
		{2C12BE0F-5EEA-4493-AB70-19649E98DE62}.Release|x86.Build.0 = Release|Win32
		{334F59A1-4962-4A0E-BFBB-C3F9A2CE50E8}.Debug|x64.ActiveCfg = Debug|x64
		{334F59A1-4962-4A0E-BFBB-C3F9A2CE50E8}.Debug|x64.Build.0 = Debug|x64
		{334F59A1-4962-4A0E-BFBB-C3F9A2CE50E8}.Debug|x86.ActiveCfg = Debug|Win32
		{334F59A1-4962-4A0E-BFBB-C3F9A2CE50E8}.Debug|x86.Build.0 = Debug|Win32
		{334F59A1-4962-4A0E-BFBB-C3F9A2CE50E8}.Release|x64.ActiveCfg = Release|x64
		{334F59A1-4962-4A0E-BFBB-C3F9A2CE50E8}.Release|x64.Build.0 = Release|x64
		{334F59A1-4962-4A0E-BFBB-C3F9A2CE50E8}.Release|x86.ActiveCfg = Release|Win32
		{334F59A1-4962-4A0E-BFBB-C3F9A2CE50E8}.Release|x86.Build.0 = Release|Win32
		{684B0CB5-8A3F-4DE2-95B2-EFE3B0160EC2}.Debug|x64.ActiveCfg = Debug|x64
		{684B0CB5-8A3F-4DE2-95B2-EFE3B0160EC2}.Debug|x64.Build.0 = Debug|x64
		{684B0CB5-8A3F-4DE2-95B2-EFE3B0160EC2}.Debug|x86.ActiveCfg = Debug|Win32
		{684B0CB5-8A3F-4DE2-95B2-EFE3B0160EC2}.Debug|x86.Build.0 = Debug|Win32
		{684B0CB5-8A3F-4DE2-95B2-EFE3B0160EC2}.Release|x64.ActiveCfg = Release|x64
		{684B0CB5-8A3F-4DE2-95B2-EFE3B0160EC2}.Release|x64.Build.0 = Release|x64
		{684B0CB5-8A3F-4DE2-95B2-EFE3B0160EC2}.Release|x86.ActiveCfg = Release|Win32
		{684B0CB5-8A3F-4DE2-95B2-EFE3B0160EC2}.Release|x86.Build.0 = Release|Win32
		{90FFC688-A294-4210-81AC-456E17B619A9}.Debug|x64.ActiveCfg = Debug|x64
		{90FFC688-A294-4210-81AC-456E17B619A9}.Debug|x64.Build.0 = Debug|x64
		{90FFC688-A294-4210-81AC-456E17B619A9}.Debug|x86.ActiveCfg = Debug|Win32
		{90FFC688-A294-4210-81AC-456E17B619A9}.Debug|x86.Build.0 = Debug|Win32
		{90FFC688-A294-4210-81AC-456E17B619A9}.Release|x64.ActiveCfg = Release|x64
		{90FFC688-A294-4210-81AC-456E17B619A9}.Release|x64.Build.0 = Release|x64
		{90FFC688-A294-4210-81AC-456E17B619A9}.Release|x86.ActiveCfg = Release|Win32
		{90FFC688-A294-4210-81AC-456E17B619A9}.Release|x86.Build.0 = Release|Win32
		{99C81849-2DFE-4F56-9D69-4DB44B6CA0D2}.Debug|x64.ActiveCfg = Debug|x64
		{99C81849-2DFE-4F56-9D69-4DB44B6CA0D2}.Debug|x64.Build.0 = Debug|x64
		{99C81849-2DFE-4F56-9D69-4DB44B6CA0D2}.Debug|x86.ActiveCfg = Debug|Win32
		{99C81849-2DFE-4F56-9D69-4DB44B6CA0D2}.Debug|x86.Build.0 = Debug|Win32
		{99C81849-2DFE-4F56-9D69-4DB44B6CA0D2}.Release|x64.ActiveCfg = Release|x64
		{99C81849-2DFE-4F56-9D69-4DB44B6CA0D2}.Release|x64.Build.0 = Release|x64
		{99C81849-2DFE-4F56-9D69-4DB44B6CA0D2}.Release|x86.ActiveCfg = Release|Win32
		{99C81849-2DFE-4F56-9D69-4DB44B6CA0D2}.Release|x86.Build.0 = Release|Win32
	EndGlobalSection
	GlobalSection(SolutionProperties) = preSolution
		HideSolutionNode = FALSE
	EndGlobalSection
	GlobalSection(ExtensibilityGlobals) = postSolution
		SolutionGuid = {33A3F17E-6B37-4991-9670-23F81FE1D17A}
	EndGlobalSection
EndGlobal
