
Microsoft Visual Studio Solution File, Format Version 12.00
# Visual Studio Version 16
VisualStudioVersion = 16.0.28729.10
MinimumVisualStudioVersion = 10.0.40219.1
Project("{8BC9CEB8-8B4A-11D0-8D11-00A0C91BC942}") = "_CdeMofineLibrary", "edk2\CdeValidationPkg\_CdeMofineLibrary\_CdeMofineLibrary.vcxproj", "{B8B13122-66F1-4A15-A18F-A56DA637F528}"
EndProject
Project("{8BC9CEB8-8B4A-11D0-8D11-00A0C91BC942}") = "clockDXE", "edk2\CdeValidationPkg\TIME_H\clockDXE\clockDXE.vcxproj", "{C400DDF9-651C-47F6-9413-268D1DB29CD0}"
	ProjectSection(ProjectDependencies) = postProject
		{B8B13122-66F1-4A15-A18F-A56DA637F528} = {B8B13122-66F1-4A15-A18F-A56DA637F528}
	EndProjectSection
EndProject
Project("{8BC9CEB8-8B4A-11D0-8D11-00A0C91BC942}") = "clockPEI", "edk2\CdeValidationPkg\TIME_H\clockPEI\clockPEI.vcxproj", "{3CAD3E94-7D01-437D-8A02-9A56A28CBDDA}"
EndProject
Project("{8BC9CEB8-8B4A-11D0-8D11-00A0C91BC942}") = "ctypeALLDxe", "edk2\CdeValidationPkg\CTYPE_H\ctypeALLDxe\ctypeALLDxe.vcxproj", "{6437271E-A41E-46DD-B75D-11774EB38766}"
EndProject
Project("{8BC9CEB8-8B4A-11D0-8D11-00A0C91BC942}") = "ctypeALLPei", "edk2\CdeValidationPkg\CTYPE_H\ctypeALLPei\ctypeALLPei.vcxproj", "{C69256C0-E2E8-4029-BF5B-F6B014D3840C}"
EndProject
Project("{8BC9CEB8-8B4A-11D0-8D11-00A0C91BC942}") = "wctypeALLDxe", "edk2\CdeValidationPkg\WCTYPE_H\wctypeALLDxe\wctypeALLDxe.vcxproj", "{4F8A49D5-770B-4F6B-887E-96555F4E23FA}"
EndProject
Project("{8BC9CEB8-8B4A-11D0-8D11-00A0C91BC942}") = "wctypeALLPei", "edk2\CdeValidationPkg\WCTYPE_H\wctypeALLPei\wctypeALLPei.vcxproj", "{BF53179B-F958-4917-A9DC-E0D50FADBFC1}"
EndProject
Global
	GlobalSection(SolutionConfigurationPlatforms) = preSolution
		NT(Microsoft C Library)|x64 = NT(Microsoft C Library)|x64
		NT(Microsoft C Library)|x86 = NT(Microsoft C Library)|x86
		NT(Torito C Library)|x64 = NT(Torito C Library)|x64
		NT(Torito C Library)|x86 = NT(Torito C Library)|x86
		UEFI DXE(CdeLib)|x64 = UEFI DXE(CdeLib)|x64
		UEFI DXE(CdeLib)|x86 = UEFI DXE(CdeLib)|x86
		UEFI PEI(CdeLib)|x64 = UEFI PEI(CdeLib)|x64
		UEFI PEI(CdeLib)|x86 = UEFI PEI(CdeLib)|x86
		UEFI SHELL(Torito C Library)|x64 = UEFI SHELL(Torito C Library)|x64
		UEFI SHELL(Torito C Library)|x86 = UEFI SHELL(Torito C Library)|x86
	EndGlobalSection
	GlobalSection(ProjectConfigurationPlatforms) = postSolution
		{B8B13122-66F1-4A15-A18F-A56DA637F528}.NT(Microsoft C Library)|x64.ActiveCfg = NT(Microsoft C Library)|x64
		{B8B13122-66F1-4A15-A18F-A56DA637F528}.NT(Microsoft C Library)|x64.Build.0 = NT(Microsoft C Library)|x64
		{B8B13122-66F1-4A15-A18F-A56DA637F528}.NT(Microsoft C Library)|x86.ActiveCfg = NT(Microsoft C Library)|x64
		{B8B13122-66F1-4A15-A18F-A56DA637F528}.NT(Torito C Library)|x64.ActiveCfg = NT(Torito C Library)|x64
		{B8B13122-66F1-4A15-A18F-A56DA637F528}.NT(Torito C Library)|x64.Build.0 = NT(Torito C Library)|x64
		{B8B13122-66F1-4A15-A18F-A56DA637F528}.NT(Torito C Library)|x86.ActiveCfg = NT(Torito C Library)|x64
		{B8B13122-66F1-4A15-A18F-A56DA637F528}.UEFI DXE(CdeLib)|x64.ActiveCfg = UEFI DXE(CdeLib)|x64
		{B8B13122-66F1-4A15-A18F-A56DA637F528}.UEFI DXE(CdeLib)|x86.ActiveCfg = UEFI DXE(CdeLib)|x64
		{B8B13122-66F1-4A15-A18F-A56DA637F528}.UEFI PEI(CdeLib)|x64.ActiveCfg = UEFI PEI(CdeLib)|x64
		{B8B13122-66F1-4A15-A18F-A56DA637F528}.UEFI PEI(CdeLib)|x86.ActiveCfg = UEFI PEI(CdeLib)|x64
		{B8B13122-66F1-4A15-A18F-A56DA637F528}.UEFI SHELL(Torito C Library)|x64.ActiveCfg = UEFI SHELL(Torito C Library)|x64
		{B8B13122-66F1-4A15-A18F-A56DA637F528}.UEFI SHELL(Torito C Library)|x64.Build.0 = UEFI SHELL(Torito C Library)|x64
		{B8B13122-66F1-4A15-A18F-A56DA637F528}.UEFI SHELL(Torito C Library)|x86.ActiveCfg = UEFI SHELL(Torito C Library)|x64
		{C400DDF9-651C-47F6-9413-268D1DB29CD0}.NT(Microsoft C Library)|x64.ActiveCfg = NT(Microsoft C Library)|x64
		{C400DDF9-651C-47F6-9413-268D1DB29CD0}.NT(Microsoft C Library)|x64.Build.0 = NT(Microsoft C Library)|x64
		{C400DDF9-651C-47F6-9413-268D1DB29CD0}.NT(Microsoft C Library)|x86.ActiveCfg = UEFI SHELL(Torito C Library)|x64
		{C400DDF9-651C-47F6-9413-268D1DB29CD0}.NT(Microsoft C Library)|x86.Build.0 = UEFI SHELL(Torito C Library)|x64
		{C400DDF9-651C-47F6-9413-268D1DB29CD0}.NT(Torito C Library)|x64.ActiveCfg = NT(Torito C Library)|x64
		{C400DDF9-651C-47F6-9413-268D1DB29CD0}.NT(Torito C Library)|x64.Build.0 = NT(Torito C Library)|x64
		{C400DDF9-651C-47F6-9413-268D1DB29CD0}.NT(Torito C Library)|x86.ActiveCfg = UEFI SHELL(Torito C Library)|x64
		{C400DDF9-651C-47F6-9413-268D1DB29CD0}.NT(Torito C Library)|x86.Build.0 = UEFI SHELL(Torito C Library)|x64
		{C400DDF9-651C-47F6-9413-268D1DB29CD0}.UEFI DXE(CdeLib)|x64.ActiveCfg = UEFI DXE(CdeLib)|x64
		{C400DDF9-651C-47F6-9413-268D1DB29CD0}.UEFI DXE(CdeLib)|x64.Build.0 = UEFI DXE(CdeLib)|x64
		{C400DDF9-651C-47F6-9413-268D1DB29CD0}.UEFI DXE(CdeLib)|x86.ActiveCfg = UEFI SHELL(Torito C Library)|x64
		{C400DDF9-651C-47F6-9413-268D1DB29CD0}.UEFI DXE(CdeLib)|x86.Build.0 = UEFI SHELL(Torito C Library)|x64
		{C400DDF9-651C-47F6-9413-268D1DB29CD0}.UEFI PEI(CdeLib)|x64.ActiveCfg = UEFI PEI(CdeLib)|x64
		{C400DDF9-651C-47F6-9413-268D1DB29CD0}.UEFI PEI(CdeLib)|x64.Build.0 = UEFI PEI(CdeLib)|x64
		{C400DDF9-651C-47F6-9413-268D1DB29CD0}.UEFI PEI(CdeLib)|x86.ActiveCfg = UEFI SHELL(Torito C Library)|x64
		{C400DDF9-651C-47F6-9413-268D1DB29CD0}.UEFI PEI(CdeLib)|x86.Build.0 = UEFI SHELL(Torito C Library)|x64
		{C400DDF9-651C-47F6-9413-268D1DB29CD0}.UEFI SHELL(Torito C Library)|x64.ActiveCfg = UEFI SHELL(Torito C Library)|x64
		{C400DDF9-651C-47F6-9413-268D1DB29CD0}.UEFI SHELL(Torito C Library)|x64.Build.0 = UEFI SHELL(Torito C Library)|x64
		{C400DDF9-651C-47F6-9413-268D1DB29CD0}.UEFI SHELL(Torito C Library)|x86.ActiveCfg = UEFI SHELL(Torito C Library)|x64
		{3CAD3E94-7D01-437D-8A02-9A56A28CBDDA}.NT(Microsoft C Library)|x64.ActiveCfg = NT(Microsoft C Library)|x64
		{3CAD3E94-7D01-437D-8A02-9A56A28CBDDA}.NT(Microsoft C Library)|x64.Build.0 = NT(Microsoft C Library)|x64
		{3CAD3E94-7D01-437D-8A02-9A56A28CBDDA}.NT(Microsoft C Library)|x86.ActiveCfg = NT(Microsoft C Library)|x64
		{3CAD3E94-7D01-437D-8A02-9A56A28CBDDA}.NT(Torito C Library)|x64.ActiveCfg = NT(Torito C Library)|x64
		{3CAD3E94-7D01-437D-8A02-9A56A28CBDDA}.NT(Torito C Library)|x64.Build.0 = NT(Torito C Library)|x64
		{3CAD3E94-7D01-437D-8A02-9A56A28CBDDA}.NT(Torito C Library)|x86.ActiveCfg = NT(Torito C Library)|x64
		{3CAD3E94-7D01-437D-8A02-9A56A28CBDDA}.UEFI DXE(CdeLib)|x64.ActiveCfg = UEFI DXE(CdeLib)|x64
		{3CAD3E94-7D01-437D-8A02-9A56A28CBDDA}.UEFI DXE(CdeLib)|x64.Build.0 = UEFI DXE(CdeLib)|x64
		{3CAD3E94-7D01-437D-8A02-9A56A28CBDDA}.UEFI DXE(CdeLib)|x86.ActiveCfg = UEFI DXE(CdeLib)|x64
		{3CAD3E94-7D01-437D-8A02-9A56A28CBDDA}.UEFI PEI(CdeLib)|x64.ActiveCfg = UEFI PEI(CdeLib)|x64
		{3CAD3E94-7D01-437D-8A02-9A56A28CBDDA}.UEFI PEI(CdeLib)|x64.Build.0 = UEFI PEI(CdeLib)|x64
		{3CAD3E94-7D01-437D-8A02-9A56A28CBDDA}.UEFI PEI(CdeLib)|x86.ActiveCfg = UEFI PEI(CdeLib)|x64
		{3CAD3E94-7D01-437D-8A02-9A56A28CBDDA}.UEFI SHELL(Torito C Library)|x64.ActiveCfg = UEFI SHELL(Torito C Library)|x64
		{3CAD3E94-7D01-437D-8A02-9A56A28CBDDA}.UEFI SHELL(Torito C Library)|x64.Build.0 = UEFI SHELL(Torito C Library)|x64
		{3CAD3E94-7D01-437D-8A02-9A56A28CBDDA}.UEFI SHELL(Torito C Library)|x86.ActiveCfg = UEFI SHELL(Torito C Library)|x64
		{6437271E-A41E-46DD-B75D-11774EB38766}.NT(Microsoft C Library)|x64.ActiveCfg = NT(Microsoft C Library)|x64
		{6437271E-A41E-46DD-B75D-11774EB38766}.NT(Microsoft C Library)|x64.Build.0 = NT(Microsoft C Library)|x64
		{6437271E-A41E-46DD-B75D-11774EB38766}.NT(Microsoft C Library)|x86.ActiveCfg = NT(Microsoft C Library)|x64
		{6437271E-A41E-46DD-B75D-11774EB38766}.NT(Torito C Library)|x64.ActiveCfg = NT(Torito C Library)|x64
		{6437271E-A41E-46DD-B75D-11774EB38766}.NT(Torito C Library)|x64.Build.0 = NT(Torito C Library)|x64
		{6437271E-A41E-46DD-B75D-11774EB38766}.NT(Torito C Library)|x86.ActiveCfg = NT(Torito C Library)|x64
		{6437271E-A41E-46DD-B75D-11774EB38766}.UEFI DXE(CdeLib)|x64.ActiveCfg = UEFI DXE(CdeLib)|x64
		{6437271E-A41E-46DD-B75D-11774EB38766}.UEFI DXE(CdeLib)|x64.Build.0 = UEFI DXE(CdeLib)|x64
		{6437271E-A41E-46DD-B75D-11774EB38766}.UEFI DXE(CdeLib)|x86.ActiveCfg = UEFI DXE(CdeLib)|x64
		{6437271E-A41E-46DD-B75D-11774EB38766}.UEFI PEI(CdeLib)|x64.ActiveCfg = UEFI PEI(CdeLib)|x64
		{6437271E-A41E-46DD-B75D-11774EB38766}.UEFI PEI(CdeLib)|x64.Build.0 = UEFI PEI(CdeLib)|x64
		{6437271E-A41E-46DD-B75D-11774EB38766}.UEFI PEI(CdeLib)|x86.ActiveCfg = UEFI PEI(CdeLib)|x64
		{6437271E-A41E-46DD-B75D-11774EB38766}.UEFI SHELL(Torito C Library)|x64.ActiveCfg = UEFI SHELL(Torito C Library)|x64
		{6437271E-A41E-46DD-B75D-11774EB38766}.UEFI SHELL(Torito C Library)|x64.Build.0 = UEFI SHELL(Torito C Library)|x64
		{6437271E-A41E-46DD-B75D-11774EB38766}.UEFI SHELL(Torito C Library)|x86.ActiveCfg = UEFI SHELL(Torito C Library)|x64
		{C69256C0-E2E8-4029-BF5B-F6B014D3840C}.NT(Microsoft C Library)|x64.ActiveCfg = NT(Microsoft C Library)|x64
		{C69256C0-E2E8-4029-BF5B-F6B014D3840C}.NT(Microsoft C Library)|x64.Build.0 = NT(Microsoft C Library)|x64
		{C69256C0-E2E8-4029-BF5B-F6B014D3840C}.NT(Microsoft C Library)|x86.ActiveCfg = NT(Microsoft C Library)|x64
		{C69256C0-E2E8-4029-BF5B-F6B014D3840C}.NT(Torito C Library)|x64.ActiveCfg = NT(Torito C Library)|x64
		{C69256C0-E2E8-4029-BF5B-F6B014D3840C}.NT(Torito C Library)|x64.Build.0 = NT(Torito C Library)|x64
		{C69256C0-E2E8-4029-BF5B-F6B014D3840C}.NT(Torito C Library)|x86.ActiveCfg = NT(Torito C Library)|x64
		{C69256C0-E2E8-4029-BF5B-F6B014D3840C}.UEFI DXE(CdeLib)|x64.ActiveCfg = UEFI DXE(CdeLib)|x64
		{C69256C0-E2E8-4029-BF5B-F6B014D3840C}.UEFI DXE(CdeLib)|x64.Build.0 = UEFI DXE(CdeLib)|x64
		{C69256C0-E2E8-4029-BF5B-F6B014D3840C}.UEFI DXE(CdeLib)|x86.ActiveCfg = UEFI DXE(CdeLib)|x64
		{C69256C0-E2E8-4029-BF5B-F6B014D3840C}.UEFI PEI(CdeLib)|x64.ActiveCfg = UEFI PEI(CdeLib)|x64
		{C69256C0-E2E8-4029-BF5B-F6B014D3840C}.UEFI PEI(CdeLib)|x64.Build.0 = UEFI PEI(CdeLib)|x64
		{C69256C0-E2E8-4029-BF5B-F6B014D3840C}.UEFI PEI(CdeLib)|x86.ActiveCfg = UEFI PEI(CdeLib)|x64
		{C69256C0-E2E8-4029-BF5B-F6B014D3840C}.UEFI SHELL(Torito C Library)|x64.ActiveCfg = UEFI SHELL(Torito C Library)|x64
		{C69256C0-E2E8-4029-BF5B-F6B014D3840C}.UEFI SHELL(Torito C Library)|x64.Build.0 = UEFI SHELL(Torito C Library)|x64
		{C69256C0-E2E8-4029-BF5B-F6B014D3840C}.UEFI SHELL(Torito C Library)|x86.ActiveCfg = UEFI SHELL(Torito C Library)|x64
		{4F8A49D5-770B-4F6B-887E-96555F4E23FA}.NT(Microsoft C Library)|x64.ActiveCfg = NT(Microsoft C Library)|x64
		{4F8A49D5-770B-4F6B-887E-96555F4E23FA}.NT(Microsoft C Library)|x64.Build.0 = NT(Microsoft C Library)|x64
		{4F8A49D5-770B-4F6B-887E-96555F4E23FA}.NT(Microsoft C Library)|x86.ActiveCfg = NT(Microsoft C Library)|x64
		{4F8A49D5-770B-4F6B-887E-96555F4E23FA}.NT(Torito C Library)|x64.ActiveCfg = NT(Torito C Library)|x64
		{4F8A49D5-770B-4F6B-887E-96555F4E23FA}.NT(Torito C Library)|x64.Build.0 = NT(Torito C Library)|x64
		{4F8A49D5-770B-4F6B-887E-96555F4E23FA}.NT(Torito C Library)|x86.ActiveCfg = NT(Torito C Library)|x64
		{4F8A49D5-770B-4F6B-887E-96555F4E23FA}.UEFI DXE(CdeLib)|x64.ActiveCfg = UEFI DXE(CdeLib)|x64
		{4F8A49D5-770B-4F6B-887E-96555F4E23FA}.UEFI DXE(CdeLib)|x64.Build.0 = UEFI DXE(CdeLib)|x64
		{4F8A49D5-770B-4F6B-887E-96555F4E23FA}.UEFI DXE(CdeLib)|x86.ActiveCfg = UEFI DXE(CdeLib)|x64
		{4F8A49D5-770B-4F6B-887E-96555F4E23FA}.UEFI PEI(CdeLib)|x64.ActiveCfg = UEFI PEI(CdeLib)|x64
		{4F8A49D5-770B-4F6B-887E-96555F4E23FA}.UEFI PEI(CdeLib)|x64.Build.0 = UEFI PEI(CdeLib)|x64
		{4F8A49D5-770B-4F6B-887E-96555F4E23FA}.UEFI PEI(CdeLib)|x86.ActiveCfg = UEFI PEI(CdeLib)|x64
		{4F8A49D5-770B-4F6B-887E-96555F4E23FA}.UEFI SHELL(Torito C Library)|x64.ActiveCfg = UEFI SHELL(Torito C Library)|x64
		{4F8A49D5-770B-4F6B-887E-96555F4E23FA}.UEFI SHELL(Torito C Library)|x64.Build.0 = UEFI SHELL(Torito C Library)|x64
		{4F8A49D5-770B-4F6B-887E-96555F4E23FA}.UEFI SHELL(Torito C Library)|x86.ActiveCfg = UEFI SHELL(Torito C Library)|x64
		{BF53179B-F958-4917-A9DC-E0D50FADBFC1}.NT(Microsoft C Library)|x64.ActiveCfg = NT(Microsoft C Library)|x64
		{BF53179B-F958-4917-A9DC-E0D50FADBFC1}.NT(Microsoft C Library)|x64.Build.0 = NT(Microsoft C Library)|x64
		{BF53179B-F958-4917-A9DC-E0D50FADBFC1}.NT(Microsoft C Library)|x86.ActiveCfg = NT(Microsoft C Library)|x64
		{BF53179B-F958-4917-A9DC-E0D50FADBFC1}.NT(Torito C Library)|x64.ActiveCfg = NT(Torito C Library)|x64
		{BF53179B-F958-4917-A9DC-E0D50FADBFC1}.NT(Torito C Library)|x64.Build.0 = NT(Torito C Library)|x64
		{BF53179B-F958-4917-A9DC-E0D50FADBFC1}.NT(Torito C Library)|x86.ActiveCfg = NT(Torito C Library)|x64
		{BF53179B-F958-4917-A9DC-E0D50FADBFC1}.UEFI DXE(CdeLib)|x64.ActiveCfg = UEFI DXE(CdeLib)|x64
		{BF53179B-F958-4917-A9DC-E0D50FADBFC1}.UEFI DXE(CdeLib)|x64.Build.0 = UEFI DXE(CdeLib)|x64
		{BF53179B-F958-4917-A9DC-E0D50FADBFC1}.UEFI DXE(CdeLib)|x86.ActiveCfg = UEFI DXE(CdeLib)|x64
		{BF53179B-F958-4917-A9DC-E0D50FADBFC1}.UEFI PEI(CdeLib)|x64.ActiveCfg = UEFI PEI(CdeLib)|x64
		{BF53179B-F958-4917-A9DC-E0D50FADBFC1}.UEFI PEI(CdeLib)|x64.Build.0 = UEFI PEI(CdeLib)|x64
		{BF53179B-F958-4917-A9DC-E0D50FADBFC1}.UEFI PEI(CdeLib)|x86.ActiveCfg = UEFI PEI(CdeLib)|x64
		{BF53179B-F958-4917-A9DC-E0D50FADBFC1}.UEFI SHELL(Torito C Library)|x64.ActiveCfg = UEFI SHELL(Torito C Library)|x64
		{BF53179B-F958-4917-A9DC-E0D50FADBFC1}.UEFI SHELL(Torito C Library)|x64.Build.0 = UEFI SHELL(Torito C Library)|x64
		{BF53179B-F958-4917-A9DC-E0D50FADBFC1}.UEFI SHELL(Torito C Library)|x86.ActiveCfg = UEFI SHELL(Torito C Library)|x64
	EndGlobalSection
	GlobalSection(SolutionProperties) = preSolution
		HideSolutionNode = FALSE
	EndGlobalSection
	GlobalSection(ExtensibilityGlobals) = postSolution
		SolutionGuid = {33A3F17E-6B37-4991-9670-23F81FE1D17A}
	EndGlobalSection
EndGlobal
